
Microsoft Visual Studio Solution File, Format Version 12.00
# Visual Studio 14
VisualStudioVersion = 14.0.25420.1
MinimumVisualStudioVersion = 10.0.40219.1
Project("{FAE04EC0-301F-11D3-BF4B-00C04F79EFBC}") = "Ulatina.Topicos.Calentamiento", "Ulatina.Topicos.Calentamiento\Ulatina.Topicos.Calentamiento.csproj", "{59E16DC7-E267-408D-8DF1-5B4AC50F9D38}"
EndProject
Project("{FAE04EC0-301F-11D3-BF4B-00C04F79EFBC}") = "Ulatina.Topicos.Calentamiento.Tests", "Ulatina.Topicos.Calentamiento.Tests\Ulatina.Topicos.Calentamiento.Tests.csproj", "{5EA326C7-DCBA-4B4C-855D-16039C02E1E5}"
EndProject
Project("{FAE04EC0-301F-11D3-BF4B-00C04F79EFBC}") = "Ulatina.Topicos.Calculadora.BL", "Ulatina.Topicos.Calculadora\Ulatina.Topicos.Calculadora.BL.csproj", "{DB88BBC1-D494-4959-933A-4F1C227BAF32}"
EndProject
Global
	GlobalSection(SolutionConfigurationPlatforms) = preSolution
		Debug|Any CPU = Debug|Any CPU
		Release|Any CPU = Release|Any CPU
	EndGlobalSection
	GlobalSection(ProjectConfigurationPlatforms) = postSolution
		{59E16DC7-E267-408D-8DF1-5B4AC50F9D38}.Debug|Any CPU.ActiveCfg = Debug|Any CPU
		{59E16DC7-E267-408D-8DF1-5B4AC50F9D38}.Debug|Any CPU.Build.0 = Debug|Any CPU
		{59E16DC7-E267-408D-8DF1-5B4AC50F9D38}.Release|Any CPU.ActiveCfg = Release|Any CPU
		{59E16DC7-E267-408D-8DF1-5B4AC50F9D38}.Release|Any CPU.Build.0 = Release|Any CPU
		{5EA326C7-DCBA-4B4C-855D-16039C02E1E5}.Debug|Any CPU.ActiveCfg = Debug|Any CPU
		{5EA326C7-DCBA-4B4C-855D-16039C02E1E5}.Debug|Any CPU.Build.0 = Debug|Any CPU
		{5EA326C7-DCBA-4B4C-855D-16039C02E1E5}.Release|Any CPU.ActiveCfg = Release|Any CPU
		{5EA326C7-DCBA-4B4C-855D-16039C02E1E5}.Release|Any CPU.Build.0 = Release|Any CPU
		{DB88BBC1-D494-4959-933A-4F1C227BAF32}.Debug|Any CPU.ActiveCfg = Debug|Any CPU
		{DB88BBC1-D494-4959-933A-4F1C227BAF32}.Debug|Any CPU.Build.0 = Debug|Any CPU
		{DB88BBC1-D494-4959-933A-4F1C227BAF32}.Release|Any CPU.ActiveCfg = Release|Any CPU
		{DB88BBC1-D494-4959-933A-4F1C227BAF32}.Release|Any CPU.Build.0 = Release|Any CPU
	EndGlobalSection
	GlobalSection(SolutionProperties) = preSolution
		HideSolutionNode = FALSE
	EndGlobalSection
EndGlobal
